// !$*UTF8*$!
{
	archiveVersion = 1;
	classes = {
	};
	objectVersion = 46;
	objects = {

/* Begin PBXBuildFile section */
		727FE76D1CDFD02500E4EBC9 /* AppDelegate.swift in Sources */ = {isa = PBXBuildFile; fileRef = 727FE76C1CDFD02500E4EBC9 /* AppDelegate.swift */; };
		727FE76F1CDFD02500E4EBC9 /* ViewController.swift in Sources */ = {isa = PBXBuildFile; fileRef = 727FE76E1CDFD02500E4EBC9 /* ViewController.swift */; };
		727FE7721CDFD02500E4EBC9 /* Main.storyboard in Resources */ = {isa = PBXBuildFile; fileRef = 727FE7701CDFD02500E4EBC9 /* Main.storyboard */; };
		727FE7741CDFD02500E4EBC9 /* Assets.xcassets in Resources */ = {isa = PBXBuildFile; fileRef = 727FE7731CDFD02500E4EBC9 /* Assets.xcassets */; };
		727FE7771CDFD02500E4EBC9 /* LaunchScreen.storyboard in Resources */ = {isa = PBXBuildFile; fileRef = 727FE7751CDFD02500E4EBC9 /* LaunchScreen.storyboard */; };
/* End PBXBuildFile section */

/* Begin PBXFileReference section */
		727FE7691CDFD02500E4EBC9 /* Broken1PasswordExtensionInstallation.app */ = {isa = PBXFileReference; explicitFileType = wrapper.application; includeInIndex = 0; path = Broken1PasswordExtensionInstallation.app; sourceTree = BUILT_PRODUCTS_DIR; };
		727FE76C1CDFD02500E4EBC9 /* AppDelegate.swift */ = {isa = PBXFileReference; lastKnownFileType = sourcecode.swift; path = AppDelegate.swift; sourceTree = "<group>"; };
		727FE76E1CDFD02500E4EBC9 /* ViewController.swift */ = {isa = PBXFileReference; lastKnownFileType = sourcecode.swift; path = ViewController.swift; sourceTree = "<group>"; };
		727FE7711CDFD02500E4EBC9 /* Base */ = {isa = PBXFileReference; lastKnownFileType = file.storyboard; name = Base; path = Base.lproj/Main.storyboard; sourceTree = "<group>"; };
		727FE7731CDFD02500E4EBC9 /* Assets.xcassets */ = {isa = PBXFileReference; lastKnownFileType = folder.assetcatalog; path = Assets.xcassets; sourceTree = "<group>"; };
		727FE7761CDFD02500E4EBC9 /* Base */ = {isa = PBXFileReference; lastKnownFileType = file.storyboard; name = Base; path = Base.lproj/LaunchScreen.storyboard; sourceTree = "<group>"; };
		727FE7781CDFD02500E4EBC9 /* Info.plist */ = {isa = PBXFileReference; lastKnownFileType = text.plist.xml; path = Info.plist; sourceTree = "<group>"; };
/* End PBXFileReference section */

/* Begin PBXFrameworksBuildPhase section */
		727FE7661CDFD02500E4EBC9 /* Frameworks */ = {
			isa = PBXFrameworksBuildPhase;
			buildActionMask = 2147483647;
			files = (
			);
			runOnlyForDeploymentPostprocessing = 0;
		};
/* End PBXFrameworksBuildPhase section */

/* Begin PBXGroup section */
		727FE7601CDFD02500E4EBC9 = {
			isa = PBXGroup;
			children = (
				727FE76B1CDFD02500E4EBC9 /* Broken1PasswordExtensionInstallation */,
				727FE76A1CDFD02500E4EBC9 /* Products */,
			);
			sourceTree = "<group>";
		};
		727FE76A1CDFD02500E4EBC9 /* Products */ = {
			isa = PBXGroup;
			children = (
				727FE7691CDFD02500E4EBC9 /* Broken1PasswordExtensionInstallation.app */,
			);
			name = Products;
			sourceTree = "<group>";
		};
		727FE76B1CDFD02500E4EBC9 /* Broken1PasswordExtensionInstallation */ = {
			isa = PBXGroup;
			children = (
				727FE76C1CDFD02500E4EBC9 /* AppDelegate.swift */,
				727FE76E1CDFD02500E4EBC9 /* ViewController.swift */,
				727FE7701CDFD02500E4EBC9 /* Main.storyboard */,
				727FE7731CDFD02500E4EBC9 /* Assets.xcassets */,
				727FE7751CDFD02500E4EBC9 /* LaunchScreen.storyboard */,
				727FE7781CDFD02500E4EBC9 /* Info.plist */,
			);
			path = Broken1PasswordExtensionInstallation;
			sourceTree = "<group>";
		};
/* End PBXGroup section */

/* Begin PBXNativeTarget section */
		727FE7681CDFD02500E4EBC9 /* Broken1PasswordExtensionInstallation */ = {
			isa = PBXNativeTarget;
			buildConfigurationList = 727FE77B1CDFD02500E4EBC9 /* Build configuration list for PBXNativeTarget "Broken1PasswordExtensionInstallation" */;
			buildPhases = (
				727FE7651CDFD02500E4EBC9 /* Sources */,
				727FE7661CDFD02500E4EBC9 /* Frameworks */,
				727FE7671CDFD02500E4EBC9 /* Resources */,
			);
			buildRules = (
			);
			dependencies = (
			);
			name = Broken1PasswordExtensionInstallation;
			productName = Broken1PasswordExtensionInstallation;
			productReference = 727FE7691CDFD02500E4EBC9 /* Broken1PasswordExtensionInstallation.app */;
			productType = "com.apple.product-type.application";
		};
/* End PBXNativeTarget section */

/* Begin PBXProject section */
		727FE7611CDFD02500E4EBC9 /* Project object */ = {
			isa = PBXProject;
			attributes = {
				LastSwiftUpdateCheck = 0730;
				LastUpgradeCheck = 0730;
				ORGANIZATIONNAME = "Brian Michel";
				TargetAttributes = {
					727FE7681CDFD02500E4EBC9 = {
						CreatedOnToolsVersion = 7.3.1;
					};
				};
			};
			buildConfigurationList = 727FE7641CDFD02500E4EBC9 /* Build configuration list for PBXProject "Broken1PasswordExtensionInstallation" */;
			compatibilityVersion = "Xcode 3.2";
			developmentRegion = English;
			hasScannedForEncodings = 0;
			knownRegions = (
				en,
				Base,
			);
			mainGroup = 727FE7601CDFD02500E4EBC9;
			productRefGroup = 727FE76A1CDFD02500E4EBC9 /* Products */;
			projectDirPath = "";
			projectRoot = "";
			targets = (
				727FE7681CDFD02500E4EBC9 /* Broken1PasswordExtensionInstallation */,
			);
		};
/* End PBXProject section */

/* Begin PBXResourcesBuildPhase section */
		727FE7671CDFD02500E4EBC9 /* Resources */ = {
			isa = PBXResourcesBuildPhase;
			buildActionMask = 2147483647;
			files = (
				727FE7771CDFD02500E4EBC9 /* LaunchScreen.storyboard in Resources */,
				727FE7741CDFD02500E4EBC9 /* Assets.xcassets in Resources */,
				727FE7721CDFD02500E4EBC9 /* Main.storyboard in Resources */,
			);
			runOnlyForDeploymentPostprocessing = 0;
		};
/* End PBXResourcesBuildPhase section */

/* Begin PBXSourcesBuildPhase section */
		727FE7651CDFD02500E4EBC9 /* Sources */ = {
			isa = PBXSourcesBuildPhase;
			buildActionMask = 2147483647;
			files = (
				727FE76F1CDFD02500E4EBC9 /* ViewController.swift in Sources */,
				727FE76D1CDFD02500E4EBC9 /* AppDelegate.swift in Sources */,
			);
			runOnlyForDeploymentPostprocessing = 0;
		};
/* End PBXSourcesBuildPhase section */

/* Begin PBXVariantGroup section */
		727FE7701CDFD02500E4EBC9 /* Main.storyboard */ = {
			isa = PBXVariantGroup;
			children = (
				727FE7711CDFD02500E4EBC9 /* Base */,
			);
			name = Main.storyboard;
			sourceTree = "<group>";
		};
		727FE7751CDFD02500E4EBC9 /* LaunchScreen.storyboard */ = {
			isa = PBXVariantGroup;
			children = (
				727FE7761CDFD02500E4EBC9 /* Base */,
			);
			name = LaunchScreen.storyboard;
			sourceTree = "<group>";
		};
/* End PBXVariantGroup section */

/* Begin XCBuildConfiguration section */
		727FE7791CDFD02500E4EBC9 /* Debug */ = {
			isa = XCBuildConfiguration;
			buildSettings = {
				ALWAYS_SEARCH_USER_PATHS = NO;
				CLANG_ANALYZER_NONNULL = YES;
				CLANG_CXX_LANGUAGE_STANDARD = "gnu++0x";
				CLANG_CXX_LIBRARY = "libc++";
				CLANG_ENABLE_MODULES = YES;
				CLANG_ENABLE_OBJC_ARC = YES;
				CLANG_WARN_BOOL_CONVERSION = YES;
				CLANG_WARN_CONSTANT_CONVERSION = YES;
				CLANG_WARN_DIRECT_OBJC_ISA_USAGE = YES_ERROR;
				CLANG_WARN_EMPTY_BODY = YES;
				CLANG_WARN_ENUM_CONVERSION = YES;
				CLANG_WARN_INT_CONVERSION = YES;
				CLANG_WARN_OBJC_ROOT_CLASS = YES_ERROR;
				CLANG_WARN_UNREACHABLE_CODE = YES;
				CLANG_WARN__DUPLICATE_METHOD_MATCH = YES;
				"CODE_SIGN_IDENTITY[sdk=iphoneos*]" = "iPhone Developer";
				COPY_PHASE_STRIP = NO;
				DEBUG_INFORMATION_FORMAT = dwarf;
				ENABLE_STRICT_OBJC_MSGSEND = YES;
				ENABLE_TESTABILITY = YES;
				GCC_C_LANGUAGE_STANDARD = gnu99;
				GCC_DYNAMIC_NO_PIC = NO;
				GCC_NO_COMMON_BLOCKS = YES;
				GCC_OPTIMIZATION_LEVEL = 0;
				GCC_PREPROCESSOR_DEFINITIONS = (
					"DEBUG=1",
					"$(inherited)",
				);
				GCC_WARN_64_TO_32_BIT_CONVERSION = YES;
				GCC_WARN_ABOUT_RETURN_TYPE = YES_ERROR;
				GCC_WARN_UNDECLARED_SELECTOR = YES;
				GCC_WARN_UNINITIALIZED_AUTOS = YES_AGGRESSIVE;
				GCC_WARN_UNUSED_FUNCTION = YES;
				GCC_WARN_UNUSED_VARIABLE = YES;
				IPHONEOS_DEPLOYMENT_TARGET = 9.3;
				MTL_ENABLE_DEBUG_INFO = YES;
				ONLY_ACTIVE_ARCH = YES;
				SDKROOT = iphoneos;
				SWIFT_OPTIMIZATION_LEVEL = "-Onone";
			};
			name = Debug;
		};
		727FE77A1CDFD02500E4EBC9 /* Release */ = {
			isa = XCBuildConfiguration;
			buildSettings = {
				ALWAYS_SEARCH_USER_PATHS = NO;
				CLANG_ANALYZER_NONNULL = YES;
				CLANG_CXX_LANGUAGE_STANDARD = "gnu++0x";
				CLANG_CXX_LIBRARY = "libc++";
				CLANG_ENABLE_MODULES = YES;
				CLANG_ENABLE_OBJC_ARC = YES;
				CLANG_WARN_BOOL_CONVERSION = YES;
				CLANG_WARN_CONSTANT_CONVERSION = YES;
				CLANG_WARN_DIRECT_OBJC_ISA_USAGE = YES_ERROR;
				CLANG_WARN_EMPTY_BODY = YES;
				CLANG_WARN_ENUM_CONVERSION = YES;
				CLANG_WARN_INT_CONVERSION = YES;
				CLANG_WARN_OBJC_ROOT_CLASS = YES_ERROR;
				CLANG_WARN_UNREACHABLE_CODE = YES;
				CLANG_WARN__DUPLICATE_METHOD_MATCH = YES;
				"CODE_SIGN_IDENTITY[sdk=iphoneos*]" = "iPhone Developer";
				COPY_PHASE_STRIP = NO;
				DEBUG_INFORMATION_FORMAT = "dwarf-with-dsym";
				ENABLE_NS_ASSERTIONS = NO;
				ENABLE_STRICT_OBJC_MSGSEND = YES;
				GCC_C_LANGUAGE_STANDARD = gnu99;
				GCC_NO_COMMON_BLOCKS = YES;
				GCC_WARN_64_TO_32_BIT_CONVERSION = YES;
				GCC_WARN_ABOUT_RETURN_TYPE = YES_ERROR;
				GCC_WARN_UNDECLARED_SELECTOR = YES;
				GCC_WARN_UNINITIALIZED_AUTOS = YES_AGGRESSIVE;
				GCC_WARN_UNUSED_FUNCTION = YES;
				GCC_WARN_UNUSED_VARIABLE = YES;
				IPHONEOS_DEPLOYMENT_TARGET = 9.3;
				MTL_ENABLE_DEBUG_INFO = NO;
				SDKROOT = iphoneos;
				VALIDATE_PRODUCT = YES;
			};
			name = Release;
		};
		727FE77C1CDFD02500E4EBC9 /* Debug */ = {
			isa = XCBuildConfiguration;
			buildSettings = {
				ASSETCATALOG_COMPILER_APPICON_NAME = AppIcon;
				INFOPLIST_FILE = Broken1PasswordExtensionInstallation/Info.plist;
				LD_RUNPATH_SEARCH_PATHS = "$(inherited) @executable_path/Frameworks";
				PRODUCT_BUNDLE_IDENTIFIER = com.tumblr.ios.Broken1PasswordExtensionInstallation;
				PRODUCT_NAME = "$(TARGET_NAME)";
			};
			name = Debug;
		};
		727FE77D1CDFD02500E4EBC9 /* Release */ = {
			isa = XCBuildConfiguration;
			buildSettings = {
				ASSETCATALOG_COMPILER_APPICON_NAME = AppIcon;
				INFOPLIST_FILE = Broken1PasswordExtensionInstallation/Info.plist;
				LD_RUNPATH_SEARCH_PATHS = "$(inherited) @executable_path/Frameworks";
				PRODUCT_BUNDLE_IDENTIFIER = com.tumblr.ios.Broken1PasswordExtensionInstallation;
				PRODUCT_NAME = "$(TARGET_NAME)";
			};
			name = Release;
		};
/* End XCBuildConfiguration section */

/* Begin XCConfigurationList section */
		727FE7641CDFD02500E4EBC9 /* Build configuration list for PBXProject "Broken1PasswordExtensionInstallation" */ = {
			isa = XCConfigurationList;
			buildConfigurations = (
				727FE7791CDFD02500E4EBC9 /* Debug */,
				727FE77A1CDFD02500E4EBC9 /* Release */,
			);
			defaultConfigurationIsVisible = 0;
			defaultConfigurationName = Release;
		};
		727FE77B1CDFD02500E4EBC9 /* Build configuration list for PBXNativeTarget "Broken1PasswordExtensionInstallation" */ = {
			isa = XCConfigurationList;
			buildConfigurations = (
				727FE77C1CDFD02500E4EBC9 /* Debug */,
				727FE77D1CDFD02500E4EBC9 /* Release */,
			);
			defaultConfigurationIsVisible = 0;
		};
/* End XCConfigurationList section */
	};
	rootObject = 727FE7611CDFD02500E4EBC9 /* Project object */;
}
